Microsoft Visual Studio Solution File, Format Version 12.00
# Visual Studio Version 17
VisualStudioVersion = 17.5.2.0
MinimumVisualStudioVersion = 10.0.40219.1
Project("{2150E333-8FDC-42A3-9474-1A3956D46DE8}") = "backend", "backend", "{1AE8ACA6-933B-BF2A-3671-3E2EAC007D16}"
EndProject
Project("{2150E333-8FDC-42A3-9474-1A3956D46DE8}") = "sql-server-service", "sql-server-service", "{D7A91F87-60FC-19E1-825A-5B7671AD5783}"
EndProject
Project("{FAE04EC0-301F-11D3-BF4B-00C04F79EFBC}") = "SqlServerService", "backend\sql-server-service\SqlServerService\SqlServerService.csproj", "{D1F72F54-FD40-95AA-AD05-5330ED16035E}"
EndProject
Global
	GlobalSection(SolutionConfigurationPlatforms) = preSolution
		Debug|Any CPU = Debug|Any CPU
		Release|Any CPU = Release|Any CPU
	EndGlobalSection
	GlobalSection(ProjectConfigurationPlatforms) = postSolution
		{D1F72F54-FD40-95AA-AD05-5330ED16035E}.Debug|Any CPU.ActiveCfg = Debug|Any CPU
		{D1F72F54-FD40-95AA-AD05-5330ED16035E}.Debug|Any CPU.Build.0 = Debug|Any CPU
		{D1F72F54-FD40-95AA-AD05-5330ED16035E}.Release|Any CPU.ActiveCfg = Release|Any CPU
		{D1F72F54-FD40-95AA-AD05-5330ED16035E}.Release|Any CPU.Build.0 = Release|Any CPU
	EndGlobalSection
	GlobalSection(SolutionProperties) = preSolution
		HideSolutionNode = FALSE
	EndGlobalSection
	GlobalSection(NestedProjects) = preSolution
		{D7A91F87-60FC-19E1-825A-5B7671AD5783} = {1AE8ACA6-933B-BF2A-3671-3E2EAC007D16}
		{D1F72F54-FD40-95AA-AD05-5330ED16035E} = {D7A91F87-60FC-19E1-825A-5B7671AD5783}
	EndGlobalSection
	GlobalSection(ExtensibilityGlobals) = postSolution
		SolutionGuid = {C4E79A9F-FEFA-41E5-9DE9-19FA6458E4D2}
	EndGlobalSection
EndGlobal
